// !$*UTF8*$!
{
	archiveVersion = 1;
	classes = {
	};
	objectVersion = 56;
	objects = {

/* Begin PBXBuildFile section */
		611BEE5428F26D3200F4D77A /* AppDelegate.swift in Sources */ = {isa = PBXBuildFile; fileRef = 611BEE5328F26D3200F4D77A /* AppDelegate.swift */; };
		611BEE5628F26D3200F4D77A /* SceneDelegate.swift in Sources */ = {isa = PBXBuildFile; fileRef = 611BEE5528F26D3200F4D77A /* SceneDelegate.swift */; };
		611BEE5828F26D3200F4D77A /* ContentViewController.swift in Sources */ = {isa = PBXBuildFile; fileRef = 611BEE5728F26D3200F4D77A /* ContentViewController.swift */; };
		611BEE5B28F26D3200F4D77A /* Main.storyboard in Resources */ = {isa = PBXBuildFile; fileRef = 611BEE5928F26D3200F4D77A /* Main.storyboard */; };
		611BEE5D28F26D3300F4D77A /* Assets.xcassets in Resources */ = {isa = PBXBuildFile; fileRef = 611BEE5C28F26D3300F4D77A /* Assets.xcassets */; };
		611BEE6028F26D3300F4D77A /* LaunchScreen.storyboard in Resources */ = {isa = PBXBuildFile; fileRef = 611BEE5E28F26D3300F4D77A /* LaunchScreen.storyboard */; };
		611BEE6828F26D9200F4D77A /* RayWenderlichAPI.swift in Sources */ = {isa = PBXBuildFile; fileRef = 611BEE6728F26D9200F4D77A /* RayWenderlichAPI.swift */; };
		611BEE6C28F3173E00F4D77A /* Content.swift in Sources */ = {isa = PBXBuildFile; fileRef = 611BEE6B28F3173E00F4D77A /* Content.swift */; };
		611BEE6E28F318C400F4D77A /* NetworkingDelegate.swift in Sources */ = {isa = PBXBuildFile; fileRef = 611BEE6D28F318C400F4D77A /* NetworkingDelegate.swift */; };
		611BEE7028F31C9E00F4D77A /* ContentManager.swift in Sources */ = {isa = PBXBuildFile; fileRef = 611BEE6F28F31C9E00F4D77A /* ContentManager.swift */; };
/* End PBXBuildFile section */

/* Begin PBXFileReference section */
		611BEE5028F26D3200F4D77A /* raywenderlich.app */ = {isa = PBXFileReference; explicitFileType = wrapper.application; includeInIndex = 0; path = raywenderlich.app; sourceTree = BUILT_PRODUCTS_DIR; };
		611BEE5328F26D3200F4D77A /* AppDelegate.swift */ = {isa = PBXFileReference; lastKnownFileType = sourcecode.swift; path = AppDelegate.swift; sourceTree = "<group>"; };
		611BEE5528F26D3200F4D77A /* SceneDelegate.swift */ = {isa = PBXFileReference; lastKnownFileType = sourcecode.swift; path = SceneDelegate.swift; sourceTree = "<group>"; };
		611BEE5728F26D3200F4D77A /* ContentViewController.swift */ = {isa = PBXFileReference; lastKnownFileType = sourcecode.swift; path = ContentViewController.swift; sourceTree = "<group>"; };
		611BEE5A28F26D3200F4D77A /* Base */ = {isa = PBXFileReference; lastKnownFileType = file.storyboard; name = Base; path = Base.lproj/Main.storyboard; sourceTree = "<group>"; };
		611BEE5C28F26D3300F4D77A /* Assets.xcassets */ = {isa = PBXFileReference; lastKnownFileType = folder.assetcatalog; path = Assets.xcassets; sourceTree = "<group>"; };
		611BEE5F28F26D3300F4D77A /* Base */ = {isa = PBXFileReference; lastKnownFileType = file.storyboard; name = Base; path = Base.lproj/LaunchScreen.storyboard; sourceTree = "<group>"; };
		611BEE6128F26D3300F4D77A /* Info.plist */ = {isa = PBXFileReference; lastKnownFileType = text.plist.xml; path = Info.plist; sourceTree = "<group>"; };
		611BEE6728F26D9200F4D77A /* RayWenderlichAPI.swift */ = {isa = PBXFileReference; lastKnownFileType = sourcecode.swift; path = RayWenderlichAPI.swift; sourceTree = "<group>"; };
		611BEE6B28F3173E00F4D77A /* Content.swift */ = {isa = PBXFileReference; lastKnownFileType = sourcecode.swift; path = Content.swift; sourceTree = "<group>"; };
		611BEE6D28F318C400F4D77A /* NetworkingDelegate.swift */ = {isa = PBXFileReference; lastKnownFileType = sourcecode.swift; path = NetworkingDelegate.swift; sourceTree = "<group>"; };
		611BEE6F28F31C9E00F4D77A /* ContentManager.swift */ = {isa = PBXFileReference; lastKnownFileType = sourcecode.swift; path = ContentManager.swift; sourceTree = "<group>"; };
/* End PBXFileReference section */

/* Begin PBXFrameworksBuildPhase section */
		611BEE4D28F26D3200F4D77A /* Frameworks */ = {
			isa = PBXFrameworksBuildPhase;
			buildActionMask = 2147483647;
			files = (
			);
			runOnlyForDeploymentPostprocessing = 0;
		};
/* End PBXFrameworksBuildPhase section */

/* Begin PBXGroup section */
		611BEE4728F26D3200F4D77A = {
			isa = PBXGroup;
			children = (
				611BEE5228F26D3200F4D77A /* raywenderlich */,
				611BEE5128F26D3200F4D77A /* Products */,
			);
			sourceTree = "<group>";
		};
		611BEE5128F26D3200F4D77A /* Products */ = {
			isa = PBXGroup;
			children = (
				611BEE5028F26D3200F4D77A /* raywenderlich.app */,
			);
			name = Products;
			sourceTree = "<group>";
		};
		611BEE5228F26D3200F4D77A /* raywenderlich */ = {
			isa = PBXGroup;
			children = (
				611BEE6A28F3172B00F4D77A /* Networking */,
				611BEE6928F3171C00F4D77A /* Model */,
				611BEE5328F26D3200F4D77A /* AppDelegate.swift */,
				611BEE5528F26D3200F4D77A /* SceneDelegate.swift */,
				611BEE6F28F31C9E00F4D77A /* ContentManager.swift */,
				611BEE5728F26D3200F4D77A /* ContentViewController.swift */,
				611BEE5928F26D3200F4D77A /* Main.storyboard */,
				611BEE5C28F26D3300F4D77A /* Assets.xcassets */,
				611BEE5E28F26D3300F4D77A /* LaunchScreen.storyboard */,
				611BEE6128F26D3300F4D77A /* Info.plist */,
			);
			path = raywenderlich;
			sourceTree = "<group>";
		};
		611BEE6928F3171C00F4D77A /* Model */ = {
			isa = PBXGroup;
			children = (
				611BEE6B28F3173E00F4D77A /* Content.swift */,
			);
			path = Model;
			sourceTree = "<group>";
		};
		611BEE6A28F3172B00F4D77A /* Networking */ = {
			isa = PBXGroup;
			children = (
				611BEE6728F26D9200F4D77A /* RayWenderlichAPI.swift */,
				611BEE6D28F318C400F4D77A /* NetworkingDelegate.swift */,
			);
			path = Networking;
			sourceTree = "<group>";
		};
/* End PBXGroup section */

/* Begin PBXNativeTarget section */
		611BEE4F28F26D3200F4D77A /* raywenderlich */ = {
			isa = PBXNativeTarget;
			buildConfigurationList = 611BEE6428F26D3300F4D77A /* Build configuration list for PBXNativeTarget "raywenderlich" */;
			buildPhases = (
				611BEE4C28F26D3200F4D77A /* Sources */,
				611BEE4D28F26D3200F4D77A /* Frameworks */,
				611BEE4E28F26D3200F4D77A /* Resources */,
			);
			buildRules = (
			);
			dependencies = (
			);
			name = raywenderlich;
			productName = raywenderlich;
			productReference = 611BEE5028F26D3200F4D77A /* raywenderlich.app */;
			productType = "com.apple.product-type.application";
		};
/* End PBXNativeTarget section */

/* Begin PBXProject section */
		611BEE4828F26D3200F4D77A /* Project object */ = {
			isa = PBXProject;
			attributes = {
				BuildIndependentTargetsInParallel = 1;
				LastSwiftUpdateCheck = 1400;
				LastUpgradeCheck = 1400;
				TargetAttributes = {
					611BEE4F28F26D3200F4D77A = {
						CreatedOnToolsVersion = 14.0.1;
					};
				};
			};
			buildConfigurationList = 611BEE4B28F26D3200F4D77A /* Build configuration list for PBXProject "raywenderlich" */;
			compatibilityVersion = "Xcode 14.0";
			developmentRegion = en;
			hasScannedForEncodings = 0;
			knownRegions = (
				en,
				Base,
			);
			mainGroup = 611BEE4728F26D3200F4D77A;
			productRefGroup = 611BEE5128F26D3200F4D77A /* Products */;
			projectDirPath = "";
			projectRoot = "";
			targets = (
				611BEE4F28F26D3200F4D77A /* raywenderlich */,
			);
		};
/* End PBXProject section */

/* Begin PBXResourcesBuildPhase section */
		611BEE4E28F26D3200F4D77A /* Resources */ = {
			isa = PBXResourcesBuildPhase;
			buildActionMask = 2147483647;
			files = (
				611BEE6028F26D3300F4D77A /* LaunchScreen.storyboard in Resources */,
				611BEE5D28F26D3300F4D77A /* Assets.xcassets in Resources */,
				611BEE5B28F26D3200F4D77A /* Main.storyboard in Resources */,
			);
			runOnlyForDeploymentPostprocessing = 0;
		};
/* End PBXResourcesBuildPhase section */

/* Begin PBXSourcesBuildPhase section */
		611BEE4C28F26D3200F4D77A /* Sources */ = {
			isa = PBXSourcesBuildPhase;
			buildActionMask = 2147483647;
			files = (
				611BEE6E28F318C400F4D77A /* NetworkingDelegate.swift in Sources */,
				611BEE5828F26D3200F4D77A /* ContentViewController.swift in Sources */,
				611BEE5428F26D3200F4D77A /* AppDelegate.swift in Sources */,
				611BEE5628F26D3200F4D77A /* SceneDelegate.swift in Sources */,
				611BEE6C28F3173E00F4D77A /* Content.swift in Sources */,
				611BEE6828F26D9200F4D77A /* RayWenderlichAPI.swift in Sources */,
				611BEE7028F31C9E00F4D77A /* ContentManager.swift in Sources */,
			);
			runOnlyForDeploymentPostprocessing = 0;
		};
/* End PBXSourcesBuildPhase section */

/* Begin PBXVariantGroup section */
		611BEE5928F26D3200F4D77A /* Main.storyboard */ = {
			isa = PBXVariantGroup;
			children = (
				611BEE5A28F26D3200F4D77A /* Base */,
			);
			name = Main.storyboard;
			sourceTree = "<group>";
		};
		611BEE5E28F26D3300F4D77A /* LaunchScreen.storyboard */ = {
			isa = PBXVariantGroup;
			children = (
				611BEE5F28F26D3300F4D77A /* Base */,
			);
			name = LaunchScreen.storyboard;
			sourceTree = "<group>";
		};
/* End PBXVariantGroup section */

/* Begin XCBuildConfiguration section */
		611BEE6228F26D3300F4D77A /* Debug */ = {
			isa = XCBuildConfiguration;
			buildSettings = {
				ALWAYS_SEARCH_USER_PATHS = NO;
				CLANG_ANALYZER_NONNULL = YES;
				CLANG_ANALYZER_NUMBER_OBJECT_CONVERSION = YES_AGGRESSIVE;
				CLANG_CXX_LANGUAGE_STANDARD = "gnu++20";
				CLANG_ENABLE_MODULES = YES;
				CLANG_ENABLE_OBJC_ARC = YES;
				CLANG_ENABLE_OBJC_WEAK = YES;
				CLANG_WARN_BLOCK_CAPTURE_AUTORELEASING = YES;
				CLANG_WARN_BOOL_CONVERSION = YES;
				CLANG_WARN_COMMA = YES;
				CLANG_WARN_CONSTANT_CONVERSION = YES;
				CLANG_WARN_DEPRECATED_OBJC_IMPLEMENTATIONS = YES;
				CLANG_WARN_DIRECT_OBJC_ISA_USAGE = YES_ERROR;
				CLANG_WARN_DOCUMENTATION_COMMENTS = YES;
				CLANG_WARN_EMPTY_BODY = YES;
				CLANG_WARN_ENUM_CONVERSION = YES;
				CLANG_WARN_INFINITE_RECURSION = YES;
				CLANG_WARN_INT_CONVERSION = YES;
				CLANG_WARN_NON_LITERAL_NULL_CONVERSION = YES;
				CLANG_WARN_OBJC_IMPLICIT_RETAIN_SELF = YES;
				CLANG_WARN_OBJC_LITERAL_CONVERSION = YES;
				CLANG_WARN_OBJC_ROOT_CLASS = YES_ERROR;
				CLANG_WARN_QUOTED_INCLUDE_IN_FRAMEWORK_HEADER = YES;
				CLANG_WARN_RANGE_LOOP_ANALYSIS = YES;
				CLANG_WARN_STRICT_PROTOTYPES = YES;
				CLANG_WARN_SUSPICIOUS_MOVE = YES;
				CLANG_WARN_UNGUARDED_AVAILABILITY = YES_AGGRESSIVE;
				CLANG_WARN_UNREACHABLE_CODE = YES;
				CLANG_WARN__DUPLICATE_METHOD_MATCH = YES;
				COPY_PHASE_STRIP = NO;
				DEBUG_INFORMATION_FORMAT = dwarf;
				ENABLE_STRICT_OBJC_MSGSEND = YES;
				ENABLE_TESTABILITY = YES;
				GCC_C_LANGUAGE_STANDARD = gnu11;
				GCC_DYNAMIC_NO_PIC = NO;
				GCC_NO_COMMON_BLOCKS = YES;
				GCC_OPTIMIZATION_LEVEL = 0;
				GCC_PREPROCESSOR_DEFINITIONS = (
					"DEBUG=1",
					"$(inherited)",
				);
				GCC_WARN_64_TO_32_BIT_CONVERSION = YES;
				GCC_WARN_ABOUT_RETURN_TYPE = YES_ERROR;
				GCC_WARN_UNDECLARED_SELECTOR = YES;
				GCC_WARN_UNINITIALIZED_AUTOS = YES_AGGRESSIVE;
				GCC_WARN_UNUSED_FUNCTION = YES;
				GCC_WARN_UNUSED_VARIABLE = YES;
				IPHONEOS_DEPLOYMENT_TARGET = 16.0;
				MTL_ENABLE_DEBUG_INFO = INCLUDE_SOURCE;
				MTL_FAST_MATH = YES;
				ONLY_ACTIVE_ARCH = YES;
				SDKROOT = iphoneos;
				SWIFT_ACTIVE_COMPILATION_CONDITIONS = DEBUG;
				SWIFT_OPTIMIZATION_LEVEL = "-Onone";
			};
			name = Debug;
		};
		611BEE6328F26D3300F4D77A /* Release */ = {
			isa = XCBuildConfiguration;
			buildSettings = {
				ALWAYS_SEARCH_USER_PATHS = NO;
				CLANG_ANALYZER_NONNULL = YES;
				CLANG_ANALYZER_NUMBER_OBJECT_CONVERSION = YES_AGGRESSIVE;
				CLANG_CXX_LANGUAGE_STANDARD = "gnu++20";
				CLANG_ENABLE_MODULES = YES;
				CLANG_ENABLE_OBJC_ARC = YES;
				CLANG_ENABLE_OBJC_WEAK = YES;
				CLANG_WARN_BLOCK_CAPTURE_AUTORELEASING = YES;
				CLANG_WARN_BOOL_CONVERSION = YES;
				CLANG_WARN_COMMA = YES;
				CLANG_WARN_CONSTANT_CONVERSION = YES;
				CLANG_WARN_DEPRECATED_OBJC_IMPLEMENTATIONS = YES;
				CLANG_WARN_DIRECT_OBJC_ISA_USAGE = YES_ERROR;
				CLANG_WARN_DOCUMENTATION_COMMENTS = YES;
				CLANG_WARN_EMPTY_BODY = YES;
				CLANG_WARN_ENUM_CONVERSION = YES;
				CLANG_WARN_INFINITE_RECURSION = YES;
				CLANG_WARN_INT_CONVERSION = YES;
				CLANG_WARN_NON_LITERAL_NULL_CONVERSION = YES;
				CLANG_WARN_OBJC_IMPLICIT_RETAIN_SELF = YES;
				CLANG_WARN_OBJC_LITERAL_CONVERSION = YES;
				CLANG_WARN_OBJC_ROOT_CLASS = YES_ERROR;
				CLANG_WARN_QUOTED_INCLUDE_IN_FRAMEWORK_HEADER = YES;
				CLANG_WARN_RANGE_LOOP_ANALYSIS = YES;
				CLANG_WARN_STRICT_PROTOTYPES = YES;
				CLANG_WARN_SUSPICIOUS_MOVE = YES;
				CLANG_WARN_UNGUARDED_AVAILABILITY = YES_AGGRESSIVE;
				CLANG_WARN_UNREACHABLE_CODE = YES;
				CLANG_WARN__DUPLICATE_METHOD_MATCH = YES;
				COPY_PHASE_STRIP = NO;
				DEBUG_INFORMATION_FORMAT = "dwarf-with-dsym";
				ENABLE_NS_ASSERTIONS = NO;
				ENABLE_STRICT_OBJC_MSGSEND = YES;
				GCC_C_LANGUAGE_STANDARD = gnu11;
				GCC_NO_COMMON_BLOCKS = YES;
				GCC_WARN_64_TO_32_BIT_CONVERSION = YES;
				GCC_WARN_ABOUT_RETURN_TYPE = YES_ERROR;
				GCC_WARN_UNDECLARED_SELECTOR = YES;
				GCC_WARN_UNINITIALIZED_AUTOS = YES_AGGRESSIVE;
				GCC_WARN_UNUSED_FUNCTION = YES;
				GCC_WARN_UNUSED_VARIABLE = YES;
				IPHONEOS_DEPLOYMENT_TARGET = 16.0;
				MTL_ENABLE_DEBUG_INFO = NO;
				MTL_FAST_MATH = YES;
				SDKROOT = iphoneos;
				SWIFT_COMPILATION_MODE = wholemodule;
				SWIFT_OPTIMIZATION_LEVEL = "-O";
				VALIDATE_PRODUCT = YES;
			};
			name = Release;
		};
		611BEE6528F26D3300F4D77A /* Debug */ = {
			isa = XCBuildConfiguration;
			buildSettings = {
				ASSETCATALOG_COMPILER_APPICON_NAME = AppIcon;
				ASSETCATALOG_COMPILER_GLOBAL_ACCENT_COLOR_NAME = AccentColor;
				CODE_SIGN_STYLE = Automatic;
				CURRENT_PROJECT_VERSION = 1;
				DEVELOPMENT_TEAM = 5K4K37877N;
				GENERATE_INFOPLIST_FILE = YES;
				INFOPLIST_FILE = raywenderlich/Info.plist;
				INFOPLIST_KEY_UIApplicationSupportsIndirectInputEvents = YES;
				INFOPLIST_KEY_UILaunchStoryboardName = LaunchScreen;
				INFOPLIST_KEY_UIMainStoryboardFile = Main;
				INFOPLIST_KEY_UISupportedInterfaceOrientations_iPad = "UIInterfaceOrientationPortrait UIInterfaceOrientationPortraitUpsideDown UIInterfaceOrientationLandscapeLeft UIInterfaceOrientationLandscapeRight";
				INFOPLIST_KEY_UISupportedInterfaceOrientations_iPhone = "UIInterfaceOrientationPortrait UIInterfaceOrientationLandscapeLeft UIInterfaceOrientationLandscapeRight";
				LD_RUNPATH_SEARCH_PATHS = (
					"$(inherited)",
					"@executable_path/Frameworks",
				);
				MARKETING_VERSION = 1.0;
				PRODUCT_BUNDLE_IDENTIFIER = andymeagher.raywenderlich;
				PRODUCT_NAME = "$(TARGET_NAME)";
				SWIFT_EMIT_LOC_STRINGS = YES;
				SWIFT_VERSION = 5.0;
				TARGETED_DEVICE_FAMILY = "1,2";
			};
			name = Debug;
		};
		611BEE6628F26D3300F4D77A /* Release */ = {
			isa = XCBuildConfiguration;
			buildSettings = {
				ASSETCATALOG_COMPILER_APPICON_NAME = AppIcon;
				ASSETCATALOG_COMPILER_GLOBAL_ACCENT_COLOR_NAME = AccentColor;
				CODE_SIGN_STYLE = Automatic;
				CURRENT_PROJECT_VERSION = 1;
				DEVELOPMENT_TEAM = 5K4K37877N;
				GENERATE_INFOPLIST_FILE = YES;
				INFOPLIST_FILE = raywenderlich/Info.plist;
				INFOPLIST_KEY_UIApplicationSupportsIndirectInputEvents = YES;
				INFOPLIST_KEY_UILaunchStoryboardName = LaunchScreen;
				INFOPLIST_KEY_UIMainStoryboardFile = Main;
				INFOPLIST_KEY_UISupportedInterfaceOrientations_iPad = "UIInterfaceOrientationPortrait UIInterfaceOrientationPortraitUpsideDown UIInterfaceOrientationLandscapeLeft UIInterfaceOrientationLandscapeRight";
				INFOPLIST_KEY_UISupportedInterfaceOrientations_iPhone = "UIInterfaceOrientationPortrait UIInterfaceOrientationLandscapeLeft UIInterfaceOrientationLandscapeRight";
				LD_RUNPATH_SEARCH_PATHS = (
					"$(inherited)",
					"@executable_path/Frameworks",
				);
				MARKETING_VERSION = 1.0;
				PRODUCT_BUNDLE_IDENTIFIER = andymeagher.raywenderlich;
				PRODUCT_NAME = "$(TARGET_NAME)";
				SWIFT_EMIT_LOC_STRINGS = YES;
				SWIFT_VERSION = 5.0;
				TARGETED_DEVICE_FAMILY = "1,2";
			};
			name = Release;
		};
/* End XCBuildConfiguration section */

/* Begin XCConfigurationList section */
		611BEE4B28F26D3200F4D77A /* Build configuration list for PBXProject "raywenderlich" */ = {
			isa = XCConfigurationList;
			buildConfigurations = (
				611BEE6228F26D3300F4D77A /* Debug */,
				611BEE6328F26D3300F4D77A /* Release */,
			);
			defaultConfigurationIsVisible = 0;
			defaultConfigurationName = Release;
		};
		611BEE6428F26D3300F4D77A /* Build configuration list for PBXNativeTarget "raywenderlich" */ = {
			isa = XCConfigurationList;
			buildConfigurations = (
				611BEE6528F26D3300F4D77A /* Debug */,
				611BEE6628F26D3300F4D77A /* Release */,
			);
			defaultConfigurationIsVisible = 0;
			defaultConfigurationName = Release;
		};
/* End XCConfigurationList section */
	};
	rootObject = 611BEE4828F26D3200F4D77A /* Project object */;
}
